
Microsoft Visual Studio Solution File, Format Version 12.00
# Visual Studio Version 17
VisualStudioVersion = 17.5.2.0
MinimumVisualStudioVersion = 10.0.40219.1
Project("{FAE04EC0-301F-11D3-BF4B-00C04F79EFBC}") = "PizzaManagerApi.Tests", "PizzaManagerApi.Tests.csproj", "{5EFEBE01-E1C5-4578-C8B5-5B67CFF45874}"
EndProject
Project("{FAE04EC0-301F-11D3-BF4B-00C04F79EFBC}") = "PizzaManagerApi", "..\PizzaManagerApi\PizzaManagerApi.csproj", "{DCDFC8E5-053A-4AC5-BACD-1397FEAD4D6B}"
EndProject
Global
	GlobalSection(SolutionConfigurationPlatforms) = preSolution
		Debug|Any CPU = Debug|Any CPU
		Debug|x64 = Debug|x64
		Debug|x86 = Debug|x86
		Release|Any CPU = Release|Any CPU
		Release|x64 = Release|x64
		Release|x86 = Release|x86
	EndGlobalSection
	GlobalSection(ProjectConfigurationPlatforms) = postSolution
		{5EFEBE01-E1C5-4578-C8B5-5B67CFF45874}.Debug|Any CPU.ActiveCfg = Debug|Any CPU
		{5EFEBE01-E1C5-4578-C8B5-5B67CFF45874}.Debug|Any CPU.Build.0 = Debug|Any CPU
		{5EFEBE01-E1C5-4578-C8B5-5B67CFF45874}.Debug|x64.ActiveCfg = Debug|Any CPU
		{5EFEBE01-E1C5-4578-C8B5-5B67CFF45874}.Debug|x64.Build.0 = Debug|Any CPU
		{5EFEBE01-E1C5-4578-C8B5-5B67CFF45874}.Debug|x86.ActiveCfg = Debug|Any CPU
		{5EFEBE01-E1C5-4578-C8B5-5B67CFF45874}.Debug|x86.Build.0 = Debug|Any CPU
		{5EFEBE01-E1C5-4578-C8B5-5B67CFF45874}.Release|Any CPU.ActiveCfg = Release|Any CPU
		{5EFEBE01-E1C5-4578-C8B5-5B67CFF45874}.Release|Any CPU.Build.0 = Release|Any CPU
		{5EFEBE01-E1C5-4578-C8B5-5B67CFF45874}.Release|x64.ActiveCfg = Release|Any CPU
		{5EFEBE01-E1C5-4578-C8B5-5B67CFF45874}.Release|x64.Build.0 = Release|Any CPU
		{5EFEBE01-E1C5-4578-C8B5-5B67CFF45874}.Release|x86.ActiveCfg = Release|Any CPU
		{5EFEBE01-E1C5-4578-C8B5-5B67CFF45874}.Release|x86.Build.0 = Release|Any CPU
		{DCDFC8E5-053A-4AC5-BACD-1397FEAD4D6B}.Debug|Any CPU.ActiveCfg = Debug|Any CPU
		{DCDFC8E5-053A-4AC5-BACD-1397FEAD4D6B}.Debug|Any CPU.Build.0 = Debug|Any CPU
		{DCDFC8E5-053A-4AC5-BACD-1397FEAD4D6B}.Debug|x64.ActiveCfg = Debug|Any CPU
		{DCDFC8E5-053A-4AC5-BACD-1397FEAD4D6B}.Debug|x64.Build.0 = Debug|Any CPU
		{DCDFC8E5-053A-4AC5-BACD-1397FEAD4D6B}.Debug|x86.ActiveCfg = Debug|Any CPU
		{DCDFC8E5-053A-4AC5-BACD-1397FEAD4D6B}.Debug|x86.Build.0 = Debug|Any CPU
		{DCDFC8E5-053A-4AC5-BACD-1397FEAD4D6B}.Release|Any CPU.ActiveCfg = Release|Any CPU
		{DCDFC8E5-053A-4AC5-BACD-1397FEAD4D6B}.Release|Any CPU.Build.0 = Release|Any CPU
		{DCDFC8E5-053A-4AC5-BACD-1397FEAD4D6B}.Release|x64.ActiveCfg = Release|Any CPU
		{DCDFC8E5-053A-4AC5-BACD-1397FEAD4D6B}.Release|x64.Build.0 = Release|Any CPU
		{DCDFC8E5-053A-4AC5-BACD-1397FEAD4D6B}.Release|x86.ActiveCfg = Release|Any CPU
		{DCDFC8E5-053A-4AC5-BACD-1397FEAD4D6B}.Release|x86.Build.0 = Release|Any CPU
	EndGlobalSection
	GlobalSection(SolutionProperties) = preSolution
		HideSolutionNode = FALSE
	EndGlobalSection
	GlobalSection(ExtensibilityGlobals) = postSolution
		SolutionGuid = {038EC1B9-BB6D-475B-A232-83F07597D4F0}
	EndGlobalSection
EndGlobal
